{
  "name": "care-dashboard-resilience-demo",
  "version": "1.0.0",
  "lockfileVersion": 3,
  "requires": true,
  "packages": {
    "": {
      "name": "care-dashboard-resilience-demo",
      "version": "1.0.0",
      "dependencies": {
        "prop-types": "15.8.1",
        "react": "19.1.1",
        "react-dom": "19.1.1",
        "react-router": "7.6.3",
        "react-router-dom": "7.6.3"
      },
      "devDependencies": {
        "@eslint/js": "9.31.0",
        "@playwright/test": "1.54.2",
        "@testing-library/dom": "10.4.1",
        "@testing-library/jest-dom": "6.6.3",
        "@testing-library/react": "16.3.0",
        "@testing-library/user-event": "14.6.1",
        "@vitejs/plugin-react": "4.6.0",
        "@vitest/coverage-v8": "3.2.4",
        "autoprefixer": "10.4.21",
        "eslint": "9.31.0",
        "eslint-plugin-jsx-a11y": "6.10.2",
        "eslint-plugin-react": "7.37.5",
        "eslint-plugin-react-hooks": "5.2.0",
        "eslint-plugin-react-refresh": "0.4.20",
        "globals": "16.3.0",
        "jest-axe": "10.0.0",
        "jsdom": "26.1.0",
        "postcss": "8.5.6",
        "tailwindcss": "3.4.17",
        "vite": "6.3.5",
        "vitest": "3.2.4"
      },
      "engines": {
        "node": ">=20.0.0"
      }
    },
    "node_modules/@eslint/js": {
      "version": "9.31.0",
      "resolved": "https://registry.npmjs.org/@eslint/js/-/js-9.31.0.tgz",
      "dev": true
    },
    "node_modules/@playwright/test": {
      "version": "1.54.2",
      "resolved": "https://registry.npmjs.org/@playwright/test/-/test-1.54.2.tgz",
      "dev": true
    },
    "node_modules/@testing-library/dom": {
      "version": "10.4.1",
      "resolved": "https://registry.npmjs.org/@testing-library/dom/-/dom-10.4.1.tgz",
      "dev": true
    },
    "node_modules/@testing-library/jest-dom": {
      "version": "6.6.3",
      "resolved": "https://registry.npmjs.org/@testing-library/jest-dom/-/jest-dom-6.6.3.tgz",
      "dev": true
    },
    "node_modules/@testing-library/react": {
      "version": "16.3.0",
      "resolved": "https://registry.npmjs.org/@testing-library/react/-/react-16.3.0.tgz",
      "dev": true
    },
    "node_modules/@testing-library/user-event": {
      "version": "14.6.1",
      "resolved": "https://registry.npmjs.org/@testing-library/user-event/-/user-event-14.6.1.tgz",
      "dev": true
    },
    "node_modules/@vitejs/plugin-react": {
      "version": "4.6.0",
      "resolved": "https://registry.npmjs.org/@vitejs/plugin-react/-/plugin-react-4.6.0.tgz",
      "dev": true
    },
    "node_modules/@vitest/coverage-v8": {
      "version": "3.2.4",
      "resolved": "https://registry.npmjs.org/@vitest/coverage-v8/-/coverage-v8-3.2.4.tgz",
      "dev": true
    },
    "node_modules/autoprefixer": {
      "version": "10.4.21",
      "resolved": "https://registry.npmjs.org/autoprefixer/-/autoprefixer-10.4.21.tgz",
      "dev": true
    },
    "node_modules/eslint": {
      "version": "9.31.0",
      "resolved": "https://registry.npmjs.org/eslint/-/eslint-9.31.0.tgz",
      "dev": true
    },
    "node_modules/eslint-plugin-jsx-a11y": {
      "version": "6.10.2",
      "resolved": "https://registry.npmjs.org/eslint-plugin-jsx-a11y/-/eslint-plugin-jsx-a11y-6.10.2.tgz",
      "dev": true
    },
    "node_modules/eslint-plugin-react": {
      "version": "7.37.5",
      "resolved": "https://registry.npmjs.org/eslint-plugin-react/-/eslint-plugin-react-7.37.5.tgz",
      "dev": true
    },
    "node_modules/eslint-plugin-react-hooks": {
      "version": "5.2.0",
      "resolved": "https://registry.npmjs.org/eslint-plugin-react-hooks/-/eslint-plugin-react-hooks-5.2.0.tgz",
      "dev": true
    },
    "node_modules/eslint-plugin-react-refresh": {
      "version": "0.4.20",
      "resolved": "https://registry.npmjs.org/eslint-plugin-react-refresh/-/eslint-plugin-react-refresh-0.4.20.tgz",
      "dev": true
    },
    "node_modules/globals": {
      "version": "16.3.0",
      "resolved": "https://registry.npmjs.org/globals/-/globals-16.3.0.tgz",
      "dev": true
    },
    "node_modules/jest-axe": {
      "version": "10.0.0",
      "resolved": "https://registry.npmjs.org/jest-axe/-/jest-axe-10.0.0.tgz",
      "dev": true
    },
    "node_modules/jsdom": {
      "version": "26.1.0",
      "resolved": "https://registry.npmjs.org/jsdom/-/jsdom-26.1.0.tgz",
      "dev": true
    },
    "node_modules/postcss": {
      "version": "8.5.6",
      "resolved": "https://registry.npmjs.org/postcss/-/postcss-8.5.6.tgz",
      "dev": true
    },
    "node_modules/prop-types": {
      "version": "15.8.1",
      "resolved": "https://registry.npmjs.org/prop-types/-/prop-types-15.8.1.tgz"
    },
    "node_modules/react": {
      "version": "19.1.1",
      "resolved": "https://registry.npmjs.org/react/-/react-19.1.1.tgz"
    },
    "node_modules/react-dom": {
      "version": "19.1.1",
      "resolved": "https://registry.npmjs.org/react-dom/-/react-dom-19.1.1.tgz"
    },
    "node_modules/react-router": {
      "version": "7.6.3",
      "resolved": "https://registry.npmjs.org/react-router/-/react-router-7.6.3.tgz"
    },
    "node_modules/react-router-dom": {
      "version": "7.6.3",
      "resolved": "https://registry.npmjs.org/react-router-dom/-/react-router-dom-7.6.3.tgz"
    },
    "node_modules/tailwindcss": {
      "version": "3.4.17",
      "resolved": "https://registry.npmjs.org/tailwindcss/-/tailwindcss-3.4.17.tgz",
      "dev": true
    },
    "node_modules/vite": {
      "version": "6.3.5",
      "resolved": "https://registry.npmjs.org/vite/-/vite-6.3.5.tgz",
      "dev": true
    },
    "node_modules/vitest": {
      "version": "3.2.4",
      "resolved": "https://registry.npmjs.org/vitest/-/vitest-3.2.4.tgz",
      "dev": true
    }
  }
}